Microsoft Visual Studio Solution File, Format Version 12.00
# Visual Studio 14
VisualStudioVersion = 14.0.25420.1
MinimumVisualStudioVersion = 10.0.40219.1
Project("{8BC9CEB8-8B4A-11D0-8D11-00A0C91BC942}") = "LTSDBServer", "LTSDBServer.vcxproj", "{E57060BF-FF93-3DDE-8276-D35980C65FA4}"
EndProject
Project("{8BC9CEB8-8B4A-11D0-8D11-00A0C91BC942}") = "example1", "example1.vcxproj", "{1C2EC4ED-9522-3A62-BAA6-32A724498DEA}"
EndProject
Project("{8BC9CEB8-8B4A-11D0-8D11-00A0C91BC942}") = "example2", "example2.vcxproj", "{39E251EA-8BB6-3036-A217-5EB8E9969117}"
EndProject
Project("{8BC9CEB8-8B4A-11D0-8D11-00A0C91BC942}") = "example3", "example3.vcxproj", "{71D75840-7998-34F9-94C3-448B771DBA4F}"
EndProject
Project("{8BC9CEB8-8B4A-11D0-8D11-00A0C91BC942}") = "unittest", "unittest.vcxproj", "{7C7CA5C6-2AA1-39A7-857D-4C954305C313}"
EndProject
Global
	GlobalSection(SolutionConfigurationPlatforms) = preSolution
		Debug|Win32 = Debug|Win32
		Release|Win32 = Release|Win32
	EndGlobalSection
	GlobalSection(ProjectConfigurationPlatforms) = postSolution
		{E57060BF-FF93-3DDE-8276-D35980C65FA4}.Debug|Win32.ActiveCfg = Debug|Win32
		{E57060BF-FF93-3DDE-8276-D35980C65FA4}.Debug|Win32.Build.0 = Debug|Win32
		{E57060BF-FF93-3DDE-8276-D35980C65FA4}.Release|Win32.ActiveCfg = Release|Win32
		{E57060BF-FF93-3DDE-8276-D35980C65FA4}.Release|Win32.Build.0 = Release|Win32
		{1C2EC4ED-9522-3A62-BAA6-32A724498DEA}.Debug|Win32.ActiveCfg = Debug|Win32
		{1C2EC4ED-9522-3A62-BAA6-32A724498DEA}.Debug|Win32.Build.0 = Debug|Win32
		{1C2EC4ED-9522-3A62-BAA6-32A724498DEA}.Release|Win32.ActiveCfg = Release|Win32
		{1C2EC4ED-9522-3A62-BAA6-32A724498DEA}.Release|Win32.Build.0 = Release|Win32
		{39E251EA-8BB6-3036-A217-5EB8E9969117}.Debug|Win32.ActiveCfg = Debug|Win32
		{39E251EA-8BB6-3036-A217-5EB8E9969117}.Debug|Win32.Build.0 = Debug|Win32
		{39E251EA-8BB6-3036-A217-5EB8E9969117}.Release|Win32.ActiveCfg = Release|Win32
		{39E251EA-8BB6-3036-A217-5EB8E9969117}.Release|Win32.Build.0 = Release|Win32
		{71D75840-7998-34F9-94C3-448B771DBA4F}.Debug|Win32.ActiveCfg = Debug|Win32
		{71D75840-7998-34F9-94C3-448B771DBA4F}.Debug|Win32.Build.0 = Debug|Win32
		{71D75840-7998-34F9-94C3-448B771DBA4F}.Release|Win32.ActiveCfg = Release|Win32
		{71D75840-7998-34F9-94C3-448B771DBA4F}.Release|Win32.Build.0 = Release|Win32
		{7C7CA5C6-2AA1-39A7-857D-4C954305C313}.Debug|Win32.ActiveCfg = Debug|Win32
		{7C7CA5C6-2AA1-39A7-857D-4C954305C313}.Debug|Win32.Build.0 = Debug|Win32
		{7C7CA5C6-2AA1-39A7-857D-4C954305C313}.Release|Win32.ActiveCfg = Release|Win32
		{7C7CA5C6-2AA1-39A7-857D-4C954305C313}.Release|Win32.Build.0 = Release|Win32
	EndGlobalSection
	GlobalSection(SolutionProperties) = preSolution
		HideSolutionNode = FALSE
	EndGlobalSection
	GlobalSection(ExtensibilityGlobals) = postSolution
		SolutionGuid = {1A37640D-592E-3AEF-84F6-9A911548A596}
	EndGlobalSection
EndGlobal
